
Microsoft Visual Studio Solution File, Format Version 12.00
# Visual Studio Version 16
VisualStudioVersion = 16.0.29215.179
MinimumVisualStudioVersion = 10.0.40219.1
Project("{8BC9CEB8-8B4A-11D0-8D11-00A0C91BC942}") = "UnsortedArrayList", "DataStructure\DataStructure.vcxproj", "{30C5E1E7-A7D0-4EC7-9682-A4A914DE46DD}"
EndProject
Project("{8BC9CEB8-8B4A-11D0-8D11-00A0C91BC942}") = "SortedArrayList", "SortedArrayList\SortedArrayList.vcxproj", "{B4747698-E381-42A0-8392-5F55A9BB2B4A}"
EndProject
Project("{8BC9CEB8-8B4A-11D0-8D11-00A0C91BC942}") = "SingleUnsortedLinkedList", "SingleUnsortedLinkedList\SingleUnsortedLinkedList.vcxproj", "{AE78CD34-53B4-4CA6-920D-EA5DD097DB75}"
EndProject
Project("{8BC9CEB8-8B4A-11D0-8D11-00A0C91BC942}") = "SingleSortedLinkedList", "SingleSortedLinkedList\SingleSortedLinkedList.vcxproj", "{017E6042-A02A-4734-B8D3-891AE38635D8}"
EndProject
Project("{8BC9CEB8-8B4A-11D0-8D11-00A0C91BC942}") = "DoubleUnsortedLinkedList", "DoubleUnsortedLinkedList\DoubleUnsortedLinkedList.vcxproj", "{4554CB62-D304-4698-8C38-0528BF08BC03}"
EndProject
Project("{8BC9CEB8-8B4A-11D0-8D11-00A0C91BC942}") = "DoubleSortedLinkedList", "DoubleSortedLinkedList\DoubleSortedLinkedList.vcxproj", "{AD0F162A-E322-4EFB-82D4-BC1A66D1EDB5}"
EndProject
Project("{8BC9CEB8-8B4A-11D0-8D11-00A0C91BC942}") = "BinarySearchTree", "BinarySearchTree\BinarySearchTree.vcxproj", "{76C1EAD3-8635-499E-A9EC-572D6920FBCD}"
EndProject
Project("{8BC9CEB8-8B4A-11D0-8D11-00A0C91BC942}") = "Graph01", "Graph01\Graph01.vcxproj", "{C61A671B-D82E-4986-8169-AA281FDF284C}"
EndProject
Project("{8BC9CEB8-8B4A-11D0-8D11-00A0C91BC942}") = "Graph02", "Graph02\Graph02.vcxproj", "{432B182F-BCB2-47D9-96BE-EE996A0F174F}"
EndProject
Project("{8BC9CEB8-8B4A-11D0-8D11-00A0C91BC942}") = "Graph03", "Graph03\Graph03.vcxproj", "{0D7019AE-F2E0-4E54-8DC9-79EDD9AC73EE}"
EndProject
Project("{8BC9CEB8-8B4A-11D0-8D11-00A0C91BC942}") = "Graph04", "Graph04\Graph04.vcxproj", "{9D60A5C6-344F-4AC5-93A7-8E0BD221FDD6}"
EndProject
Project("{8BC9CEB8-8B4A-11D0-8D11-00A0C91BC942}") = "Graph05", "Graph05\Graph05.vcxproj", "{7308C329-75B1-4762-B1CF-49A8EC95705B}"
EndProject
Project("{8BC9CEB8-8B4A-11D0-8D11-00A0C91BC942}") = "Graph06", "Graph06\Graph06.vcxproj", "{7A1D4169-E0F6-4323-AC54-54B9B1CF892C}"
EndProject
Project("{8BC9CEB8-8B4A-11D0-8D11-00A0C91BC942}") = "PriorityQueue", "PriorityQueue\PriorityQueue.vcxproj", "{B80FA83A-A933-4CE9-9C8A-C72BF251CE8C}"
EndProject
Project("{8BC9CEB8-8B4A-11D0-8D11-00A0C91BC942}") = "BitVector01", "BitVector01\BitVector01.vcxproj", "{54CC4851-8ABF-42F7-9CF0-7754C1B238EC}"
EndProject
Project("{8BC9CEB8-8B4A-11D0-8D11-00A0C91BC942}") = "Test", "Test\Test.vcxproj", "{A7E611E3-7EA8-49C5-A614-504512FB93BD}"
EndProject
Global
	GlobalSection(SolutionConfigurationPlatforms) = preSolution
		Debug|x64 = Debug|x64
		Debug|x86 = Debug|x86
		Release|x64 = Release|x64
		Release|x86 = Release|x86
	EndGlobalSection
	GlobalSection(ProjectConfigurationPlatforms) = postSolution
		{30C5E1E7-A7D0-4EC7-9682-A4A914DE46DD}.Debug|x64.ActiveCfg = Debug|x64
		{30C5E1E7-A7D0-4EC7-9682-A4A914DE46DD}.Debug|x64.Build.0 = Debug|x64
		{30C5E1E7-A7D0-4EC7-9682-A4A914DE46DD}.Debug|x86.ActiveCfg = Debug|Win32
		{30C5E1E7-A7D0-4EC7-9682-A4A914DE46DD}.Debug|x86.Build.0 = Debug|Win32
		{30C5E1E7-A7D0-4EC7-9682-A4A914DE46DD}.Release|x64.ActiveCfg = Release|x64
		{30C5E1E7-A7D0-4EC7-9682-A4A914DE46DD}.Release|x64.Build.0 = Release|x64
		{30C5E1E7-A7D0-4EC7-9682-A4A914DE46DD}.Release|x86.ActiveCfg = Release|Win32
		{30C5E1E7-A7D0-4EC7-9682-A4A914DE46DD}.Release|x86.Build.0 = Release|Win32
		{B4747698-E381-42A0-8392-5F55A9BB2B4A}.Debug|x64.ActiveCfg = Debug|x64
		{B4747698-E381-42A0-8392-5F55A9BB2B4A}.Debug|x64.Build.0 = Debug|x64
		{B4747698-E381-42A0-8392-5F55A9BB2B4A}.Debug|x86.ActiveCfg = Debug|Win32
		{B4747698-E381-42A0-8392-5F55A9BB2B4A}.Debug|x86.Build.0 = Debug|Win32
		{B4747698-E381-42A0-8392-5F55A9BB2B4A}.Release|x64.ActiveCfg = Release|x64
		{B4747698-E381-42A0-8392-5F55A9BB2B4A}.Release|x64.Build.0 = Release|x64
		{B4747698-E381-42A0-8392-5F55A9BB2B4A}.Release|x86.ActiveCfg = Release|Win32
		{B4747698-E381-42A0-8392-5F55A9BB2B4A}.Release|x86.Build.0 = Release|Win32
		{AE78CD34-53B4-4CA6-920D-EA5DD097DB75}.Debug|x64.ActiveCfg = Debug|x64
		{AE78CD34-53B4-4CA6-920D-EA5DD097DB75}.Debug|x64.Build.0 = Debug|x64
		{AE78CD34-53B4-4CA6-920D-EA5DD097DB75}.Debug|x86.ActiveCfg = Debug|Win32
		{AE78CD34-53B4-4CA6-920D-EA5DD097DB75}.Debug|x86.Build.0 = Debug|Win32
		{AE78CD34-53B4-4CA6-920D-EA5DD097DB75}.Release|x64.ActiveCfg = Release|x64
		{AE78CD34-53B4-4CA6-920D-EA5DD097DB75}.Release|x64.Build.0 = Release|x64
		{AE78CD34-53B4-4CA6-920D-EA5DD097DB75}.Release|x86.ActiveCfg = Release|Win32
		{AE78CD34-53B4-4CA6-920D-EA5DD097DB75}.Release|x86.Build.0 = Release|Win32
		{017E6042-A02A-4734-B8D3-891AE38635D8}.Debug|x64.ActiveCfg = Debug|x64
		{017E6042-A02A-4734-B8D3-891AE38635D8}.Debug|x64.Build.0 = Debug|x64
		{017E6042-A02A-4734-B8D3-891AE38635D8}.Debug|x86.ActiveCfg = Debug|Win32
		{017E6042-A02A-4734-B8D3-891AE38635D8}.Debug|x86.Build.0 = Debug|Win32
		{017E6042-A02A-4734-B8D3-891AE38635D8}.Release|x64.ActiveCfg = Release|x64
		{017E6042-A02A-4734-B8D3-891AE38635D8}.Release|x64.Build.0 = Release|x64
		{017E6042-A02A-4734-B8D3-891AE38635D8}.Release|x86.ActiveCfg = Release|Win32
		{017E6042-A02A-4734-B8D3-891AE38635D8}.Release|x86.Build.0 = Release|Win32
		{4554CB62-D304-4698-8C38-0528BF08BC03}.Debug|x64.ActiveCfg = Debug|x64
		{4554CB62-D304-4698-8C38-0528BF08BC03}.Debug|x64.Build.0 = Debug|x64
		{4554CB62-D304-4698-8C38-0528BF08BC03}.Debug|x86.ActiveCfg = Debug|Win32
		{4554CB62-D304-4698-8C38-0528BF08BC03}.Debug|x86.Build.0 = Debug|Win32
		{4554CB62-D304-4698-8C38-0528BF08BC03}.Release|x64.ActiveCfg = Release|x64
		{4554CB62-D304-4698-8C38-0528BF08BC03}.Release|x64.Build.0 = Release|x64
		{4554CB62-D304-4698-8C38-0528BF08BC03}.Release|x86.ActiveCfg = Release|Win32
		{4554CB62-D304-4698-8C38-0528BF08BC03}.Release|x86.Build.0 = Release|Win32
		{AD0F162A-E322-4EFB-82D4-BC1A66D1EDB5}.Debug|x64.ActiveCfg = Debug|x64
		{AD0F162A-E322-4EFB-82D4-BC1A66D1EDB5}.Debug|x64.Build.0 = Debug|x64
		{AD0F162A-E322-4EFB-82D4-BC1A66D1EDB5}.Debug|x86.ActiveCfg = Debug|Win32
		{AD0F162A-E322-4EFB-82D4-BC1A66D1EDB5}.Debug|x86.Build.0 = Debug|Win32
		{AD0F162A-E322-4EFB-82D4-BC1A66D1EDB5}.Release|x64.ActiveCfg = Release|x64
		{AD0F162A-E322-4EFB-82D4-BC1A66D1EDB5}.Release|x64.Build.0 = Release|x64
		{AD0F162A-E322-4EFB-82D4-BC1A66D1EDB5}.Release|x86.ActiveCfg = Release|Win32
		{AD0F162A-E322-4EFB-82D4-BC1A66D1EDB5}.Release|x86.Build.0 = Release|Win32
		{76C1EAD3-8635-499E-A9EC-572D6920FBCD}.Debug|x64.ActiveCfg = Debug|x64
		{76C1EAD3-8635-499E-A9EC-572D6920FBCD}.Debug|x64.Build.0 = Debug|x64
		{76C1EAD3-8635-499E-A9EC-572D6920FBCD}.Debug|x86.ActiveCfg = Debug|Win32
		{76C1EAD3-8635-499E-A9EC-572D6920FBCD}.Debug|x86.Build.0 = Debug|Win32
		{76C1EAD3-8635-499E-A9EC-572D6920FBCD}.Release|x64.ActiveCfg = Release|x64
		{76C1EAD3-8635-499E-A9EC-572D6920FBCD}.Release|x64.Build.0 = Release|x64
		{76C1EAD3-8635-499E-A9EC-572D6920FBCD}.Release|x86.ActiveCfg = Release|Win32
		{76C1EAD3-8635-499E-A9EC-572D6920FBCD}.Release|x86.Build.0 = Release|Win32
		{C61A671B-D82E-4986-8169-AA281FDF284C}.Debug|x64.ActiveCfg = Debug|x64
		{C61A671B-D82E-4986-8169-AA281FDF284C}.Debug|x64.Build.0 = Debug|x64
		{C61A671B-D82E-4986-8169-AA281FDF284C}.Debug|x86.ActiveCfg = Debug|Win32
		{C61A671B-D82E-4986-8169-AA281FDF284C}.Debug|x86.Build.0 = Debug|Win32
		{C61A671B-D82E-4986-8169-AA281FDF284C}.Release|x64.ActiveCfg = Release|x64
		{C61A671B-D82E-4986-8169-AA281FDF284C}.Release|x64.Build.0 = Release|x64
		{C61A671B-D82E-4986-8169-AA281FDF284C}.Release|x86.ActiveCfg = Release|Win32
		{C61A671B-D82E-4986-8169-AA281FDF284C}.Release|x86.Build.0 = Release|Win32
		{432B182F-BCB2-47D9-96BE-EE996A0F174F}.Debug|x64.ActiveCfg = Debug|x64
		{432B182F-BCB2-47D9-96BE-EE996A0F174F}.Debug|x64.Build.0 = Debug|x64
		{432B182F-BCB2-47D9-96BE-EE996A0F174F}.Debug|x86.ActiveCfg = Debug|Win32
		{432B182F-BCB2-47D9-96BE-EE996A0F174F}.Debug|x86.Build.0 = Debug|Win32
		{432B182F-BCB2-47D9-96BE-EE996A0F174F}.Release|x64.ActiveCfg = Release|x64
		{432B182F-BCB2-47D9-96BE-EE996A0F174F}.Release|x64.Build.0 = Release|x64
		{432B182F-BCB2-47D9-96BE-EE996A0F174F}.Release|x86.ActiveCfg = Release|Win32
		{432B182F-BCB2-47D9-96BE-EE996A0F174F}.Release|x86.Build.0 = Release|Win32
		{0D7019AE-F2E0-4E54-8DC9-79EDD9AC73EE}.Debug|x64.ActiveCfg = Debug|x64
		{0D7019AE-F2E0-4E54-8DC9-79EDD9AC73EE}.Debug|x64.Build.0 = Debug|x64
		{0D7019AE-F2E0-4E54-8DC9-79EDD9AC73EE}.Debug|x86.ActiveCfg = Debug|Win32
		{0D7019AE-F2E0-4E54-8DC9-79EDD9AC73EE}.Debug|x86.Build.0 = Debug|Win32
		{0D7019AE-F2E0-4E54-8DC9-79EDD9AC73EE}.Release|x64.ActiveCfg = Release|x64
		{0D7019AE-F2E0-4E54-8DC9-79EDD9AC73EE}.Release|x64.Build.0 = Release|x64
		{0D7019AE-F2E0-4E54-8DC9-79EDD9AC73EE}.Release|x86.ActiveCfg = Release|Win32
		{0D7019AE-F2E0-4E54-8DC9-79EDD9AC73EE}.Release|x86.Build.0 = Release|Win32
		{9D60A5C6-344F-4AC5-93A7-8E0BD221FDD6}.Debug|x64.ActiveCfg = Debug|x64
		{9D60A5C6-344F-4AC5-93A7-8E0BD221FDD6}.Debug|x64.Build.0 = Debug|x64
		{9D60A5C6-344F-4AC5-93A7-8E0BD221FDD6}.Debug|x86.ActiveCfg = Debug|Win32
		{9D60A5C6-344F-4AC5-93A7-8E0BD221FDD6}.Debug|x86.Build.0 = Debug|Win32
		{9D60A5C6-344F-4AC5-93A7-8E0BD221FDD6}.Release|x64.ActiveCfg = Release|x64
		{9D60A5C6-344F-4AC5-93A7-8E0BD221FDD6}.Release|x64.Build.0 = Release|x64
		{9D60A5C6-344F-4AC5-93A7-8E0BD221FDD6}.Release|x86.ActiveCfg = Release|Win32
		{9D60A5C6-344F-4AC5-93A7-8E0BD221FDD6}.Release|x86.Build.0 = Release|Win32
		{7308C329-75B1-4762-B1CF-49A8EC95705B}.Debug|x64.ActiveCfg = Debug|x64
		{7308C329-75B1-4762-B1CF-49A8EC95705B}.Debug|x64.Build.0 = Debug|x64
		{7308C329-75B1-4762-B1CF-49A8EC95705B}.Debug|x86.ActiveCfg = Debug|Win32
		{7308C329-75B1-4762-B1CF-49A8EC95705B}.Debug|x86.Build.0 = Debug|Win32
		{7308C329-75B1-4762-B1CF-49A8EC95705B}.Release|x64.ActiveCfg = Release|x64
		{7308C329-75B1-4762-B1CF-49A8EC95705B}.Release|x64.Build.0 = Release|x64
		{7308C329-75B1-4762-B1CF-49A8EC95705B}.Release|x86.ActiveCfg = Release|Win32
		{7308C329-75B1-4762-B1CF-49A8EC95705B}.Release|x86.Build.0 = Release|Win32
		{7A1D4169-E0F6-4323-AC54-54B9B1CF892C}.Debug|x64.ActiveCfg = Debug|x64
		{7A1D4169-E0F6-4323-AC54-54B9B1CF892C}.Debug|x64.Build.0 = Debug|x64
		{7A1D4169-E0F6-4323-AC54-54B9B1CF892C}.Debug|x86.ActiveCfg = Debug|Win32
		{7A1D4169-E0F6-4323-AC54-54B9B1CF892C}.Debug|x86.Build.0 = Debug|Win32
		{7A1D4169-E0F6-4323-AC54-54B9B1CF892C}.Release|x64.ActiveCfg = Release|x64
		{7A1D4169-E0F6-4323-AC54-54B9B1CF892C}.Release|x64.Build.0 = Release|x64
		{7A1D4169-E0F6-4323-AC54-54B9B1CF892C}.Release|x86.ActiveCfg = Release|Win32
		{7A1D4169-E0F6-4323-AC54-54B9B1CF892C}.Release|x86.Build.0 = Release|Win32
		{B80FA83A-A933-4CE9-9C8A-C72BF251CE8C}.Debug|x64.ActiveCfg = Debug|x64
		{B80FA83A-A933-4CE9-9C8A-C72BF251CE8C}.Debug|x64.Build.0 = Debug|x64
		{B80FA83A-A933-4CE9-9C8A-C72BF251CE8C}.Debug|x86.ActiveCfg = Debug|Win32
		{B80FA83A-A933-4CE9-9C8A-C72BF251CE8C}.Debug|x86.Build.0 = Debug|Win32
		{B80FA83A-A933-4CE9-9C8A-C72BF251CE8C}.Release|x64.ActiveCfg = Release|x64
		{B80FA83A-A933-4CE9-9C8A-C72BF251CE8C}.Release|x64.Build.0 = Release|x64
		{B80FA83A-A933-4CE9-9C8A-C72BF251CE8C}.Release|x86.ActiveCfg = Release|Win32
		{B80FA83A-A933-4CE9-9C8A-C72BF251CE8C}.Release|x86.Build.0 = Release|Win32
		{54CC4851-8ABF-42F7-9CF0-7754C1B238EC}.Debug|x64.ActiveCfg = Debug|x64
		{54CC4851-8ABF-42F7-9CF0-7754C1B238EC}.Debug|x64.Build.0 = Debug|x64
		{54CC4851-8ABF-42F7-9CF0-7754C1B238EC}.Debug|x86.ActiveCfg = Debug|Win32
		{54CC4851-8ABF-42F7-9CF0-7754C1B238EC}.Debug|x86.Build.0 = Debug|Win32
		{54CC4851-8ABF-42F7-9CF0-7754C1B238EC}.Release|x64.ActiveCfg = Release|x64
		{54CC4851-8ABF-42F7-9CF0-7754C1B238EC}.Release|x64.Build.0 = Release|x64
		{54CC4851-8ABF-42F7-9CF0-7754C1B238EC}.Release|x86.ActiveCfg = Release|Win32
		{54CC4851-8ABF-42F7-9CF0-7754C1B238EC}.Release|x86.Build.0 = Release|Win32
		{A7E611E3-7EA8-49C5-A614-504512FB93BD}.Debug|x64.ActiveCfg = Debug|x64
		{A7E611E3-7EA8-49C5-A614-504512FB93BD}.Debug|x64.Build.0 = Debug|x64
		{A7E611E3-7EA8-49C5-A614-504512FB93BD}.Debug|x86.ActiveCfg = Debug|Win32
		{A7E611E3-7EA8-49C5-A614-504512FB93BD}.Debug|x86.Build.0 = Debug|Win32
		{A7E611E3-7EA8-49C5-A614-504512FB93BD}.Release|x64.ActiveCfg = Release|x64
		{A7E611E3-7EA8-49C5-A614-504512FB93BD}.Release|x64.Build.0 = Release|x64
		{A7E611E3-7EA8-49C5-A614-504512FB93BD}.Release|x86.ActiveCfg = Release|Win32
		{A7E611E3-7EA8-49C5-A614-504512FB93BD}.Release|x86.Build.0 = Release|Win32
	EndGlobalSection
	GlobalSection(SolutionProperties) = preSolution
		HideSolutionNode = FALSE
	EndGlobalSection
	GlobalSection(ExtensibilityGlobals) = postSolution
		SolutionGuid = {803A2D2E-EEA1-4B7F-8088-931C5676417B}
	EndGlobalSection
EndGlobal
